
Microsoft Visual Studio Solution File, Format Version 12.00
# Visual Studio Version 17
VisualStudioVersion = 17.5.002.0
MinimumVisualStudioVersion = 10.0.40219.1
Project("{9A19103F-16F7-4668-BE54-9A1E7A4F7556}") = "task00", "task00\task00.csproj", "{367C1E9B-1DAB-4F6D-A699-4F6853E685A1}"
EndProject
Global
	GlobalSection(SolutionConfigurationPlatforms) = preSolution
		Debug|Any CPU = Debug|Any CPU
		Release|Any CPU = Release|Any CPU
	EndGlobalSection
	GlobalSection(ProjectConfigurationPlatforms) = postSolution
		{367C1E9B-1DAB-4F6D-A699-4F6853E685A1}.Debug|Any CPU.ActiveCfg = Debug|Any CPU
		{367C1E9B-1DAB-4F6D-A699-4F6853E685A1}.Debug|Any CPU.Build.0 = Debug|Any CPU
		{367C1E9B-1DAB-4F6D-A699-4F6853E685A1}.Release|Any CPU.ActiveCfg = Release|Any CPU
		{367C1E9B-1DAB-4F6D-A699-4F6853E685A1}.Release|Any CPU.Build.0 = Release|Any CPU
	EndGlobalSection
	GlobalSection(SolutionProperties) = preSolution
		HideSolutionNode = FALSE
	EndGlobalSection
	GlobalSection(ExtensibilityGlobals) = postSolution
		SolutionGuid = {7972AF2C-25D8-4C12-92EC-F76DA19C6213}
	EndGlobalSection
EndGlobal
